
Microsoft Visual Studio Solution File, Format Version 12.00
# Visual Studio 15
Project("{FAE04EC0-301F-11D3-BF4B-00C04F79EFBC}") = "Dotnet_Decorator", "Dotnet_Decorator\Dotnet_Decorator.csproj", "{A3F04FFD-7BC2-4BCE-BCE0-D89E261DFD3A}"
EndProject
Global
	GlobalSection(SolutionConfigurationPlatforms) = preSolution
		Debug|Any CPU = Debug|Any CPU
		Release|Any CPU = Release|Any CPU
	EndGlobalSection
	GlobalSection(ProjectConfigurationPlatforms) = postSolution
		{A3F04FFD-7BC2-4BCE-BCE0-D89E261DFD3A}.Debug|Any CPU.ActiveCfg = Debug|Any CPU
		{A3F04FFD-7BC2-4BCE-BCE0-D89E261DFD3A}.Debug|Any CPU.Build.0 = Debug|Any CPU
		{A3F04FFD-7BC2-4BCE-BCE0-D89E261DFD3A}.Release|Any CPU.ActiveCfg = Release|Any CPU
		{A3F04FFD-7BC2-4BCE-BCE0-D89E261DFD3A}.Release|Any CPU.Build.0 = Release|Any CPU
	EndGlobalSection
EndGlobal
